
Microsoft Visual Studio Solution File, Format Version 12.00
Project("{FAE04EC0-301F-11D3-BF4B-00C04F79EFBC}") = "OnlineTickets", "OnlineTickets.csproj", "{38A77745-2FFD-4AC2-8C05-1B73D2237AFB}"
EndProject
Global
	GlobalSection(SolutionConfigurationPlatforms) = preSolution
		Debug|Any CPU = Debug|Any CPU
		Release|Any CPU = Release|Any CPU
	EndGlobalSection
	GlobalSection(ProjectConfigurationPlatforms) = postSolution
		{38A77745-2FFD-4AC2-8C05-1B73D2237AFB}.Debug|Any CPU.ActiveCfg = Debug|Any CPU
		{38A77745-2FFD-4AC2-8C05-1B73D2237AFB}.Debug|Any CPU.Build.0 = Debug|Any CPU
		{38A77745-2FFD-4AC2-8C05-1B73D2237AFB}.Release|Any CPU.ActiveCfg = Release|Any CPU
		{38A77745-2FFD-4AC2-8C05-1B73D2237AFB}.Release|Any CPU.Build.0 = Release|Any CPU
	EndGlobalSection
EndGlobal
